
Microsoft Visual Studio Solution File, Format Version 12.00
# Visual Studio Version 16
VisualStudioVersion = 16.0.36227.6
MinimumVisualStudioVersion = 10.0.40219.1
Project("{FAE04EC0-301F-11D3-BF4B-00C04F79EFBC}") = "ISaveService", "ISaveService.csproj", "{1EF47C1C-B455-49B4-BE83-56E0D5CBE316}"
EndProject
Global
	GlobalSection(SolutionConfigurationPlatforms) = preSolution
		Debug|Any CPU = Debug|Any CPU
		Release|Any CPU = Release|Any CPU
	EndGlobalSection
	GlobalSection(ProjectConfigurationPlatforms) = postSolution
		{1EF47C1C-B455-49B4-BE83-56E0D5CBE316}.Debug|Any CPU.ActiveCfg = Debug|Any CPU
		{1EF47C1C-B455-49B4-BE83-56E0D5CBE316}.Debug|Any CPU.Build.0 = Debug|Any CPU
		{1EF47C1C-B455-49B4-BE83-56E0D5CBE316}.Release|Any CPU.ActiveCfg = Release|Any CPU
		{1EF47C1C-B455-49B4-BE83-56E0D5CBE316}.Release|Any CPU.Build.0 = Release|Any CPU
	EndGlobalSection
	GlobalSection(SolutionProperties) = preSolution
		HideSolutionNode = FALSE
	EndGlobalSection
	GlobalSection(ExtensibilityGlobals) = postSolution
		SolutionGuid = {9B838DA6-6DC1-43AE-93FD-6AFC4A3EF9FE}
	EndGlobalSection
EndGlobal
